Microsoft Visual Studio Solution File, Format Version 11.00
# Visual Studio 2008

Project("{A7BB6F02-6CA6-90AE-0F2E-AD8DC43EE5AB}") = "CODE_030213", "Assembly-CSharp-firstpass.csproj", "{84F537AA-4DFF-B336-0984-A0B32CC27720}"
EndProject
Project("{A7BB6F02-6CA6-90AE-0F2E-AD8DC43EE5AB}") = "CODE_030213", "Assembly-CSharp.csproj", "{2738B898-EE20-42C3-A85E-67D29D9FCFB6}"
EndProject
Project("{A7BB6F02-6CA6-90AE-0F2E-AD8DC43EE5AB}") = "CODE_030213", "Assembly-UnityScript-firstpass.unityproj", "{89F249FC-211A-3807-0883-1DBEA4DFE98E}"
EndProject
Project("{A7BB6F02-6CA6-90AE-0F2E-AD8DC43EE5AB}") = "CODE_030213", "Assembly-UnityScript.unityproj", "{D669A977-3AAB-D44F-2E56-B0C536E0FBFD}"
EndProject
Global
	GlobalSection(SolutionConfigurationPlatforms) = preSolution
		Debug|Any CPU = Debug|Any CPU
		Release|Any CPU = Release|Any CPU
	EndGlobalSection
	GlobalSection(ProjectConfigurationPlatforms) = postSolution
		{84F537AA-4DFF-B336-0984-A0B32CC27720}.Debug|Any CPU.ActiveCfg = Debug|Any CPU
		{84F537AA-4DFF-B336-0984-A0B32CC27720}.Debug|Any CPU.Build.0 = Debug|Any CPU
		{84F537AA-4DFF-B336-0984-A0B32CC27720}.Release|Any CPU.ActiveCfg = Release|Any CPU
		{84F537AA-4DFF-B336-0984-A0B32CC27720}.Release|Any CPU.Build.0 = Release|Any CPU
		{2738B898-EE20-42C3-A85E-67D29D9FCFB6}.Debug|Any CPU.ActiveCfg = Debug|Any CPU
		{2738B898-EE20-42C3-A85E-67D29D9FCFB6}.Debug|Any CPU.Build.0 = Debug|Any CPU
		{2738B898-EE20-42C3-A85E-67D29D9FCFB6}.Release|Any CPU.ActiveCfg = Release|Any CPU
		{2738B898-EE20-42C3-A85E-67D29D9FCFB6}.Release|Any CPU.Build.0 = Release|Any CPU
		{89F249FC-211A-3807-0883-1DBEA4DFE98E}.Debug|Any CPU.ActiveCfg = Debug|Any CPU
		{89F249FC-211A-3807-0883-1DBEA4DFE98E}.Debug|Any CPU.Build.0 = Debug|Any CPU
		{89F249FC-211A-3807-0883-1DBEA4DFE98E}.Release|Any CPU.ActiveCfg = Release|Any CPU
		{89F249FC-211A-3807-0883-1DBEA4DFE98E}.Release|Any CPU.Build.0 = Release|Any CPU
		{D669A977-3AAB-D44F-2E56-B0C536E0FBFD}.Debug|Any CPU.ActiveCfg = Debug|Any CPU
		{D669A977-3AAB-D44F-2E56-B0C536E0FBFD}.Debug|Any CPU.Build.0 = Debug|Any CPU
		{D669A977-3AAB-D44F-2E56-B0C536E0FBFD}.Release|Any CPU.ActiveCfg = Release|Any CPU
		{D669A977-3AAB-D44F-2E56-B0C536E0FBFD}.Release|Any CPU.Build.0 = Release|Any CPU
	EndGlobalSection
	GlobalSection(SolutionProperties) = preSolution
		HideSolutionNode = FALSE
	EndGlobalSection
																																																	GlobalSection(MonoDevelopProperties) = preSolution
		StartupItem = Assembly-CSharp.csproj
		Policies = $0
		$0.TextStylePolicy = $1
		$1.inheritsSet = null
		$1.scope = text/x-csharp
		$0.CSharpFormattingPolicy = $2
		$2.inheritsSet = Mono
		$2.inheritsScope = text/x-csharp
		$2.scope = text/x-csharp
		$0.TextStylePolicy = $3
		$3.FileWidth = 120
		$3.TabWidth = 4
		$3.EolMarker = Unix
		$3.inheritsSet = Mono
		$3.inheritsScope = text/plain
		$3.scope = text/plain
	EndGlobalSection

EndGlobal
